// !$*UTF8*$!
{
	archiveVersion = 1;
	classes = {
	};
	objectVersion = 56;
	objects = {

/* Begin PBXBuildFile section */
		31103847403950E48E0294F9 /* Pods_ToDoListPractics.framework in Frameworks */ = {isa = PBXBuildFile; fileRef = 8EA29D28999527AF10A50937 /* Pods_ToDoListPractics.framework */; };
		6607D38F2C4FCEB00064B40C /* ToDoCell.swift in Sources */ = {isa = PBXBuildFile; fileRef = 6607D38E2C4FCEB00064B40C /* ToDoCell.swift */; };
		6607D3912C4FD1730064B40C /* Extensions.swift in Sources */ = {isa = PBXBuildFile; fileRef = 6607D3902C4FD1730064B40C /* Extensions.swift */; };
		6607D3932C4FE03B0064B40C /* CreateTodoController.swift in Sources */ = {isa = PBXBuildFile; fileRef = 6607D3922C4FE03B0064B40C /* CreateTodoController.swift */; };
		665DD4D42C4FC83100695D18 /* AppDelegate.swift in Sources */ = {isa = PBXBuildFile; fileRef = 665DD4D32C4FC83100695D18 /* AppDelegate.swift */; };
		665DD4D62C4FC83100695D18 /* SceneDelegate.swift in Sources */ = {isa = PBXBuildFile; fileRef = 665DD4D52C4FC83100695D18 /* SceneDelegate.swift */; };
		665DD4D82C4FC83100695D18 /* ViewController.swift in Sources */ = {isa = PBXBuildFile; fileRef = 665DD4D72C4FC83100695D18 /* ViewController.swift */; };
		665DD4DD2C4FC83200695D18 /* Assets.xcassets in Resources */ = {isa = PBXBuildFile; fileRef = 665DD4DC2C4FC83200695D18 /* Assets.xcassets */; };
		665DD4E02C4FC83200695D18 /* Base in Resources */ = {isa = PBXBuildFile; fileRef = 665DD4DF2C4FC83200695D18 /* Base */; };
		665DD4EB2C4FC83200695D18 /* ToDoListPracticsTests.swift in Sources */ = {isa = PBXBuildFile; fileRef = 665DD4EA2C4FC83200695D18 /* ToDoListPracticsTests.swift */; };
		665DD4F52C4FC83200695D18 /* ToDoListPracticsUITests.swift in Sources */ = {isa = PBXBuildFile; fileRef = 665DD4F42C4FC83200695D18 /* ToDoListPracticsUITests.swift */; };
		665DD4F72C4FC83200695D18 /* ToDoListPracticsUITestsLaunchTests.swift in Sources */ = {isa = PBXBuildFile; fileRef = 665DD4F62C4FC83200695D18 /* ToDoListPracticsUITestsLaunchTests.swift */; };
		665DD5042C4FCD6000695D18 /* GoogleService-Info.plist in Resources */ = {isa = PBXBuildFile; fileRef = 665DD5032C4FCD6000695D18 /* GoogleService-Info.plist */; };
		C689B609D3C5C9BC85BAC56C /* Pods_ToDoListPractics_ToDoListPracticsUITests.framework in Frameworks */ = {isa = PBXBuildFile; fileRef = B1DC4D5A6D017F95147FC998 /* Pods_ToDoListPractics_ToDoListPracticsUITests.framework */; };
		EB8BB30FC207F188EAA5A4CA /* Pods_ToDoListPracticsTests.framework in Frameworks */ = {isa = PBXBuildFile; fileRef = 3F1F595B2C8A80CB1C11C44C /* Pods_ToDoListPracticsTests.framework */; };
/* End PBXBuildFile section */

/* Begin PBXContainerItemProxy section */
		665DD4E72C4FC83200695D18 /* PBXContainerItemProxy */ = {
			isa = PBXContainerItemProxy;
			containerPortal = 665DD4C82C4FC83100695D18 /* Project object */;
			proxyType = 1;
			remoteGlobalIDString = 665DD4CF2C4FC83100695D18;
			remoteInfo = ToDoListPractics;
		};
		665DD4F12C4FC83200695D18 /* PBXContainerItemProxy */ = {
			isa = PBXContainerItemProxy;
			containerPortal = 665DD4C82C4FC83100695D18 /* Project object */;
			proxyType = 1;
			remoteGlobalIDString = 665DD4CF2C4FC83100695D18;
			remoteInfo = ToDoListPractics;
		};
/* End PBXContainerItemProxy section */

/* Begin PBXFileReference section */
		2B2CC2E66F6CD875842F16E8 /* Pods-ToDoListPractics-ToDoListPracticsUITests.release.xcconfig */ = {isa = PBXFileReference; includeInIndex = 1; lastKnownFileType = text.xcconfig; name = "Pods-ToDoListPractics-ToDoListPracticsUITests.release.xcconfig"; path = "Target Support Files/Pods-ToDoListPractics-ToDoListPracticsUITests/Pods-ToDoListPractics-ToDoListPracticsUITests.release.xcconfig"; sourceTree = "<group>"; };
		3F1F595B2C8A80CB1C11C44C /* Pods_ToDoListPracticsTests.framework */ = {isa = PBXFileReference; explicitFileType = wrapper.framework; includeInIndex = 0; path = Pods_ToDoListPracticsTests.framework; sourceTree = BUILT_PRODUCTS_DIR; };
		5A548589F3410CE3815EC27A /* Pods-ToDoListPracticsTests.release.xcconfig */ = {isa = PBXFileReference; includeInIndex = 1; lastKnownFileType = text.xcconfig; name = "Pods-ToDoListPracticsTests.release.xcconfig"; path = "Target Support Files/Pods-ToDoListPracticsTests/Pods-ToDoListPracticsTests.release.xcconfig"; sourceTree = "<group>"; };
		6607D38E2C4FCEB00064B40C /* ToDoCell.swift */ = {isa = PBXFileReference; lastKnownFileType = sourcecode.swift; path = ToDoCell.swift; sourceTree = "<group>"; };
		6607D3902C4FD1730064B40C /* Extensions.swift */ = {isa = PBXFileReference; lastKnownFileType = sourcecode.swift; path = Extensions.swift; sourceTree = "<group>"; };
		6607D3922C4FE03B0064B40C /* CreateTodoController.swift */ = {isa = PBXFileReference; lastKnownFileType = sourcecode.swift; path = CreateTodoController.swift; sourceTree = "<group>"; };
		665DD4D02C4FC83100695D18 /* ToDoListPractics.app */ = {isa = PBXFileReference; explicitFileType = wrapper.application; includeInIndex = 0; path = ToDoListPractics.app; sourceTree = BUILT_PRODUCTS_DIR; };
		665DD4D32C4FC83100695D18 /* AppDelegate.swift */ = {isa = PBXFileReference; lastKnownFileType = sourcecode.swift; path = AppDelegate.swift; sourceTree = "<group>"; };
		665DD4D52C4FC83100695D18 /* SceneDelegate.swift */ = {isa = PBXFileReference; lastKnownFileType = sourcecode.swift; path = SceneDelegate.swift; sourceTree = "<group>"; };
		665DD4D72C4FC83100695D18 /* ViewController.swift */ = {isa = PBXFileReference; lastKnownFileType = sourcecode.swift; path = ViewController.swift; sourceTree = "<group>"; };
		665DD4DC2C4FC83200695D18 /* Assets.xcassets */ = {isa = PBXFileReference; lastKnownFileType = folder.assetcatalog; path = Assets.xcassets; sourceTree = "<group>"; };
		665DD4DF2C4FC83200695D18 /* Base */ = {isa = PBXFileReference; lastKnownFileType = file.storyboard; name = Base; path = Base.lproj/LaunchScreen.storyboard; sourceTree = "<group>"; };
		665DD4E12C4FC83200695D18 /* Info.plist */ = {isa = PBXFileReference; lastKnownFileType = text.plist.xml; path = Info.plist; sourceTree = "<group>"; };
		665DD4E62C4FC83200695D18 /* ToDoListPracticsTests.xctest */ = {isa = PBXFileReference; explicitFileType = wrapper.cfbundle; includeInIndex = 0; path = ToDoListPracticsTests.xctest; sourceTree = BUILT_PRODUCTS_DIR; };
		665DD4EA2C4FC83200695D18 /* ToDoListPracticsTests.swift */ = {isa = PBXFileReference; lastKnownFileType = sourcecode.swift; path = ToDoListPracticsTests.swift; sourceTree = "<group>"; };
		665DD4F02C4FC83200695D18 /* ToDoListPracticsUITests.xctest */ = {isa = PBXFileReference; explicitFileType = wrapper.cfbundle; includeInIndex = 0; path = ToDoListPracticsUITests.xctest; sourceTree = BUILT_PRODUCTS_DIR; };
		665DD4F42C4FC83200695D18 /* ToDoListPracticsUITests.swift */ = {isa = PBXFileReference; lastKnownFileType = sourcecode.swift; path = ToDoListPracticsUITests.swift; sourceTree = "<group>"; };
		665DD4F62C4FC83200695D18 /* ToDoListPracticsUITestsLaunchTests.swift */ = {isa = PBXFileReference; lastKnownFileType = sourcecode.swift; path = ToDoListPracticsUITestsLaunchTests.swift; sourceTree = "<group>"; };
		665DD5032C4FCD6000695D18 /* GoogleService-Info.plist */ = {isa = PBXFileReference; fileEncoding = 4; lastKnownFileType = text.plist.xml; path = "GoogleService-Info.plist"; sourceTree = "<group>"; };
		8403BA2C9AD088C688FC080C /* Pods-ToDoListPractics-ToDoListPracticsUITests.debug.xcconfig */ = {isa = PBXFileReference; includeInIndex = 1; lastKnownFileType = text.xcconfig; name = "Pods-ToDoListPractics-ToDoListPracticsUITests.debug.xcconfig"; path = "Target Support Files/Pods-ToDoListPractics-ToDoListPracticsUITests/Pods-ToDoListPractics-ToDoListPracticsUITests.debug.xcconfig"; sourceTree = "<group>"; };
		8EA29D28999527AF10A50937 /* Pods_ToDoListPractics.framework */ = {isa = PBXFileReference; explicitFileType = wrapper.framework; includeInIndex = 0; path = Pods_ToDoListPractics.framework; sourceTree = BUILT_PRODUCTS_DIR; };
		A57C5FF5BB362141129536CF /* Pods-ToDoListPractics.debug.xcconfig */ = {isa = PBXFileReference; includeInIndex = 1; lastKnownFileType = text.xcconfig; name = "Pods-ToDoListPractics.debug.xcconfig"; path = "Target Support Files/Pods-ToDoListPractics/Pods-ToDoListPractics.debug.xcconfig"; sourceTree = "<group>"; };
		B1DC4D5A6D017F95147FC998 /* Pods_ToDoListPractics_ToDoListPracticsUITests.framework */ = {isa = PBXFileReference; explicitFileType = wrapper.framework; includeInIndex = 0; path = Pods_ToDoListPractics_ToDoListPracticsUITests.framework; sourceTree = BUILT_PRODUCTS_DIR; };
		ED94ECB0C15BE9D465D4DC49 /* Pods-ToDoListPractics.release.xcconfig */ = {isa = PBXFileReference; includeInIndex = 1; lastKnownFileType = text.xcconfig; name = "Pods-ToDoListPractics.release.xcconfig"; path = "Target Support Files/Pods-ToDoListPractics/Pods-ToDoListPractics.release.xcconfig"; sourceTree = "<group>"; };
		EE637848A28970F836E4CC11 /* Pods-ToDoListPracticsTests.debug.xcconfig */ = {isa = PBXFileReference; includeInIndex = 1; lastKnownFileType = text.xcconfig; name = "Pods-ToDoListPracticsTests.debug.xcconfig"; path = "Target Support Files/Pods-ToDoListPracticsTests/Pods-ToDoListPracticsTests.debug.xcconfig"; sourceTree = "<group>"; };
/* End PBXFileReference section */

/* Begin PBXFrameworksBuildPhase section */
		665DD4CD2C4FC83100695D18 /* Frameworks */ = {
			isa = PBXFrameworksBuildPhase;
			buildActionMask = 2147483647;
			files = (
				31103847403950E48E0294F9 /* Pods_ToDoListPractics.framework in Frameworks */,
			);
			runOnlyForDeploymentPostprocessing = 0;
		};
		665DD4E32C4FC83200695D18 /* Frameworks */ = {
			isa = PBXFrameworksBuildPhase;
			buildActionMask = 2147483647;
			files = (
				EB8BB30FC207F188EAA5A4CA /* Pods_ToDoListPracticsTests.framework in Frameworks */,
			);
			runOnlyForDeploymentPostprocessing = 0;
		};
		665DD4ED2C4FC83200695D18 /* Frameworks */ = {
			isa = PBXFrameworksBuildPhase;
			buildActionMask = 2147483647;
			files = (
				C689B609D3C5C9BC85BAC56C /* Pods_ToDoListPractics_ToDoListPracticsUITests.framework in Frameworks */,
			);
			runOnlyForDeploymentPostprocessing = 0;
		};
/* End PBXFrameworksBuildPhase section */

/* Begin PBXGroup section */
		0AC2744940D8BF53FD658C45 /* Pods */ = {
			isa = PBXGroup;
			children = (
				A57C5FF5BB362141129536CF /* Pods-ToDoListPractics.debug.xcconfig */,
				ED94ECB0C15BE9D465D4DC49 /* Pods-ToDoListPractics.release.xcconfig */,
				8403BA2C9AD088C688FC080C /* Pods-ToDoListPractics-ToDoListPracticsUITests.debug.xcconfig */,
				2B2CC2E66F6CD875842F16E8 /* Pods-ToDoListPractics-ToDoListPracticsUITests.release.xcconfig */,
				EE637848A28970F836E4CC11 /* Pods-ToDoListPracticsTests.debug.xcconfig */,
				5A548589F3410CE3815EC27A /* Pods-ToDoListPracticsTests.release.xcconfig */,
			);
			path = Pods;
			sourceTree = "<group>";
		};
		665DD4C72C4FC83100695D18 = {
			isa = PBXGroup;
			children = (
				665DD4D22C4FC83100695D18 /* ToDoListPractics */,
				665DD4E92C4FC83200695D18 /* ToDoListPracticsTests */,
				665DD4F32C4FC83200695D18 /* ToDoListPracticsUITests */,
				665DD4D12C4FC83100695D18 /* Products */,
				0AC2744940D8BF53FD658C45 /* Pods */,
				C8796AB01509BD93EACD3A1B /* Frameworks */,
			);
			sourceTree = "<group>";
		};
		665DD4D12C4FC83100695D18 /* Products */ = {
			isa = PBXGroup;
			children = (
				665DD4D02C4FC83100695D18 /* ToDoListPractics.app */,
				665DD4E62C4FC83200695D18 /* ToDoListPracticsTests.xctest */,
				665DD4F02C4FC83200695D18 /* ToDoListPracticsUITests.xctest */,
			);
			name = Products;
			sourceTree = "<group>";
		};
		665DD4D22C4FC83100695D18 /* ToDoListPractics */ = {
			isa = PBXGroup;
			children = (
				665DD5032C4FCD6000695D18 /* GoogleService-Info.plist */,
				665DD4D32C4FC83100695D18 /* AppDelegate.swift */,
				665DD4D52C4FC83100695D18 /* SceneDelegate.swift */,
				665DD4D72C4FC83100695D18 /* ViewController.swift */,
				665DD4DC2C4FC83200695D18 /* Assets.xcassets */,
				665DD4DE2C4FC83200695D18 /* LaunchScreen.storyboard */,
				665DD4E12C4FC83200695D18 /* Info.plist */,
				6607D38E2C4FCEB00064B40C /* ToDoCell.swift */,
				6607D3902C4FD1730064B40C /* Extensions.swift */,
				6607D3922C4FE03B0064B40C /* CreateTodoController.swift */,
			);
			path = ToDoListPractics;
			sourceTree = "<group>";
		};
		665DD4E92C4FC83200695D18 /* ToDoListPracticsTests */ = {
			isa = PBXGroup;
			children = (
				665DD4EA2C4FC83200695D18 /* ToDoListPracticsTests.swift */,
			);
			path = ToDoListPracticsTests;
			sourceTree = "<group>";
		};
		665DD4F32C4FC83200695D18 /* ToDoListPracticsUITests */ = {
			isa = PBXGroup;
			children = (
				665DD4F42C4FC83200695D18 /* ToDoListPracticsUITests.swift */,
				665DD4F62C4FC83200695D18 /* ToDoListPracticsUITestsLaunchTests.swift */,
			);
			path = ToDoListPracticsUITests;
			sourceTree = "<group>";
		};
		C8796AB01509BD93EACD3A1B /* Frameworks */ = {
			isa = PBXGroup;
			children = (
				8EA29D28999527AF10A50937 /* Pods_ToDoListPractics.framework */,
				B1DC4D5A6D017F95147FC998 /* Pods_ToDoListPractics_ToDoListPracticsUITests.framework */,
				3F1F595B2C8A80CB1C11C44C /* Pods_ToDoListPracticsTests.framework */,
			);
			name = Frameworks;
			sourceTree = "<group>";
		};
/* End PBXGroup section */

/* Begin PBXNativeTarget section */
		665DD4CF2C4FC83100695D18 /* ToDoListPractics */ = {
			isa = PBXNativeTarget;
			buildConfigurationList = 665DD4FA2C4FC83200695D18 /* Build configuration list for PBXNativeTarget "ToDoListPractics" */;
			buildPhases = (
				669A79A81CEF58D58154B987 /* [CP] Check Pods Manifest.lock */,
				665DD4CC2C4FC83100695D18 /* Sources */,
				665DD4CD2C4FC83100695D18 /* Frameworks */,
				665DD4CE2C4FC83100695D18 /* Resources */,
				4F76A76303C1089C12FF496F /* [CP] Embed Pods Frameworks */,
			);
			buildRules = (
			);
			dependencies = (
			);
			name = ToDoListPractics;
			productName = ToDoListPractics;
			productReference = 665DD4D02C4FC83100695D18 /* ToDoListPractics.app */;
			productType = "com.apple.product-type.application";
		};
		665DD4E52C4FC83200695D18 /* ToDoListPracticsTests */ = {
			isa = PBXNativeTarget;
			buildConfigurationList = 665DD4FD2C4FC83200695D18 /* Build configuration list for PBXNativeTarget "ToDoListPracticsTests" */;
			buildPhases = (
				11346726036A926C2CF4C70A /* [CP] Check Pods Manifest.lock */,
				665DD4E22C4FC83200695D18 /* Sources */,
				665DD4E32C4FC83200695D18 /* Frameworks */,
				665DD4E42C4FC83200695D18 /* Resources */,
			);
			buildRules = (
			);
			dependencies = (
				665DD4E82C4FC83200695D18 /* PBXTargetDependency */,
			);
			name = ToDoListPracticsTests;
			productName = ToDoListPracticsTests;
			productReference = 665DD4E62C4FC83200695D18 /* ToDoListPracticsTests.xctest */;
			productType = "com.apple.product-type.bundle.unit-test";
		};
		665DD4EF2C4FC83200695D18 /* ToDoListPracticsUITests */ = {
			isa = PBXNativeTarget;
			buildConfigurationList = 665DD5002C4FC83200695D18 /* Build configuration list for PBXNativeTarget "ToDoListPracticsUITests" */;
			buildPhases = (
				686A157DB1249388243A5C4A /* [CP] Check Pods Manifest.lock */,
				665DD4EC2C4FC83200695D18 /* Sources */,
				665DD4ED2C4FC83200695D18 /* Frameworks */,
				665DD4EE2C4FC83200695D18 /* Resources */,
				B35093E26A5EBDA857FEFF9E /* [CP] Embed Pods Frameworks */,
			);
			buildRules = (
			);
			dependencies = (
				665DD4F22C4FC83200695D18 /* PBXTargetDependency */,
			);
			name = ToDoListPracticsUITests;
			productName = ToDoListPracticsUITests;
			productReference = 665DD4F02C4FC83200695D18 /* ToDoListPracticsUITests.xctest */;
			productType = "com.apple.product-type.bundle.ui-testing";
		};
/* End PBXNativeTarget section */

/* Begin PBXProject section */
		665DD4C82C4FC83100695D18 /* Project object */ = {
			isa = PBXProject;
			attributes = {
				BuildIndependentTargetsInParallel = 1;
				LastSwiftUpdateCheck = 1540;
				LastUpgradeCheck = 1540;
				TargetAttributes = {
					665DD4CF2C4FC83100695D18 = {
						CreatedOnToolsVersion = 15.4;
					};
					665DD4E52C4FC83200695D18 = {
						CreatedOnToolsVersion = 15.4;
						TestTargetID = 665DD4CF2C4FC83100695D18;
					};
					665DD4EF2C4FC83200695D18 = {
						CreatedOnToolsVersion = 15.4;
						TestTargetID = 665DD4CF2C4FC83100695D18;
					};
				};
			};
			buildConfigurationList = 665DD4CB2C4FC83100695D18 /* Build configuration list for PBXProject "ToDoListPractics" */;
			compatibilityVersion = "Xcode 14.0";
			developmentRegion = en;
			hasScannedForEncodings = 0;
			knownRegions = (
				en,
				Base,
			);
			mainGroup = 665DD4C72C4FC83100695D18;
			productRefGroup = 665DD4D12C4FC83100695D18 /* Products */;
			projectDirPath = "";
			projectRoot = "";
			targets = (
				665DD4CF2C4FC83100695D18 /* ToDoListPractics */,
				665DD4E52C4FC83200695D18 /* ToDoListPracticsTests */,
				665DD4EF2C4FC83200695D18 /* ToDoListPracticsUITests */,
			);
		};
/* End PBXProject section */

/* Begin PBXResourcesBuildPhase section */
		665DD4CE2C4FC83100695D18 /* Resources */ = {
			isa = PBXResourcesBuildPhase;
			buildActionMask = 2147483647;
			files = (
				665DD4DD2C4FC83200695D18 /* Assets.xcassets in Resources */,
				665DD4E02C4FC83200695D18 /* Base in Resources */,
				665DD5042C4FCD6000695D18 /* GoogleService-Info.plist in Resources */,
			);
			runOnlyForDeploymentPostprocessing = 0;
		};
		665DD4E42C4FC83200695D18 /* Resources */ = {
			isa = PBXResourcesBuildPhase;
			buildActionMask = 2147483647;
			files = (
			);
			runOnlyForDeploymentPostprocessing = 0;
		};
		665DD4EE2C4FC83200695D18 /* Resources */ = {
			isa = PBXResourcesBuildPhase;
			buildActionMask = 2147483647;
			files = (
			);
			runOnlyForDeploymentPostprocessing = 0;
		};
/* End PBXResourcesBuildPhase section */

/* Begin PBXShellScriptBuildPhase section */
		11346726036A926C2CF4C70A /* [CP] Check Pods Manifest.lock */ = {
			isa = PBXShellScriptBuildPhase;
			buildActionMask = 2147483647;
			files = (
			);
			inputFileListPaths = (
			);
			inputPaths = (
				"${PODS_PODFILE_DIR_PATH}/Podfile.lock",
				"${PODS_ROOT}/Manifest.lock",
			);
			name = "[CP] Check Pods Manifest.lock";
			outputFileListPaths = (
			);
			outputPaths = (
				"$(DERIVED_FILE_DIR)/Pods-ToDoListPracticsTests-checkManifestLockResult.txt",
			);
			runOnlyForDeploymentPostprocessing = 0;
			shellPath = /bin/sh;
			shellScript = "diff \"${PODS_PODFILE_DIR_PATH}/Podfile.lock\" \"${PODS_ROOT}/Manifest.lock\" > /dev/null\nif [ $? != 0 ] ; then\n    # print error to STDERR\n    echo \"error: The sandbox is not in sync with the Podfile.lock. Run 'pod install' or update your CocoaPods installation.\" >&2\n    exit 1\nfi\n# This output is used by Xcode 'outputs' to avoid re-running this script phase.\necho \"SUCCESS\" > \"${SCRIPT_OUTPUT_FILE_0}\"\n";
			showEnvVarsInLog = 0;
		};
		4F76A76303C1089C12FF496F /* [CP] Embed Pods Frameworks */ = {
			isa = PBXShellScriptBuildPhase;
			buildActionMask = 2147483647;
			files = (
			);
			inputFileListPaths = (
				"${PODS_ROOT}/Target Support Files/Pods-ToDoListPractics/Pods-ToDoListPractics-frameworks-${CONFIGURATION}-input-files.xcfilelist",
			);
			name = "[CP] Embed Pods Frameworks";
			outputFileListPaths = (
				"${PODS_ROOT}/Target Support Files/Pods-ToDoListPractics/Pods-ToDoListPractics-frameworks-${CONFIGURATION}-output-files.xcfilelist",
			);
			runOnlyForDeploymentPostprocessing = 0;
			shellPath = /bin/sh;
			shellScript = "\"${PODS_ROOT}/Target Support Files/Pods-ToDoListPractics/Pods-ToDoListPractics-frameworks.sh\"\n";
			showEnvVarsInLog = 0;
		};
		669A79A81CEF58D58154B987 /* [CP] Check Pods Manifest.lock */ = {
			isa = PBXShellScriptBuildPhase;
			buildActionMask = 2147483647;
			files = (
			);
			inputFileListPaths = (
			);
			inputPaths = (
				"${PODS_PODFILE_DIR_PATH}/Podfile.lock",
				"${PODS_ROOT}/Manifest.lock",
			);
			name = "[CP] Check Pods Manifest.lock";
			outputFileListPaths = (
			);
			outputPaths = (
				"$(DERIVED_FILE_DIR)/Pods-ToDoListPractics-checkManifestLockResult.txt",
			);
			runOnlyForDeploymentPostprocessing = 0;
			shellPath = /bin/sh;
			shellScript = "diff \"${PODS_PODFILE_DIR_PATH}/Podfile.lock\" \"${PODS_ROOT}/Manifest.lock\" > /dev/null\nif [ $? != 0 ] ; then\n    # print error to STDERR\n    echo \"error: The sandbox is not in sync with the Podfile.lock. Run 'pod install' or update your CocoaPods installation.\" >&2\n    exit 1\nfi\n# This output is used by Xcode 'outputs' to avoid re-running this script phase.\necho \"SUCCESS\" > \"${SCRIPT_OUTPUT_FILE_0}\"\n";
			showEnvVarsInLog = 0;
		};
		686A157DB1249388243A5C4A /* [CP] Check Pods Manifest.lock */ = {
			isa = PBXShellScriptBuildPhase;
			buildActionMask = 2147483647;
			files = (
			);
			inputFileListPaths = (
			);
			inputPaths = (
				"${PODS_PODFILE_DIR_PATH}/Podfile.lock",
				"${PODS_ROOT}/Manifest.lock",
			);
			name = "[CP] Check Pods Manifest.lock";
			outputFileListPaths = (
			);
			outputPaths = (
				"$(DERIVED_FILE_DIR)/Pods-ToDoListPractics-ToDoListPracticsUITests-checkManifestLockResult.txt",
			);
			runOnlyForDeploymentPostprocessing = 0;
			shellPath = /bin/sh;
			shellScript = "diff \"${PODS_PODFILE_DIR_PATH}/Podfile.lock\" \"${PODS_ROOT}/Manifest.lock\" > /dev/null\nif [ $? != 0 ] ; then\n    # print error to STDERR\n    echo \"error: The sandbox is not in sync with the Podfile.lock. Run 'pod install' or update your CocoaPods installation.\" >&2\n    exit 1\nfi\n# This output is used by Xcode 'outputs' to avoid re-running this script phase.\necho \"SUCCESS\" > \"${SCRIPT_OUTPUT_FILE_0}\"\n";
			showEnvVarsInLog = 0;
		};
		B35093E26A5EBDA857FEFF9E /* [CP] Embed Pods Frameworks */ = {
			isa = PBXShellScriptBuildPhase;
			buildActionMask = 2147483647;
			files = (
			);
			inputFileListPaths = (
				"${PODS_ROOT}/Target Support Files/Pods-ToDoListPractics-ToDoListPracticsUITests/Pods-ToDoListPractics-ToDoListPracticsUITests-frameworks-${CONFIGURATION}-input-files.xcfilelist",
			);
			name = "[CP] Embed Pods Frameworks";
			outputFileListPaths = (
				"${PODS_ROOT}/Target Support Files/Pods-ToDoListPractics-ToDoListPracticsUITests/Pods-ToDoListPractics-ToDoListPracticsUITests-frameworks-${CONFIGURATION}-output-files.xcfilelist",
			);
			runOnlyForDeploymentPostprocessing = 0;
			shellPath = /bin/sh;
			shellScript = "\"${PODS_ROOT}/Target Support Files/Pods-ToDoListPractics-ToDoListPracticsUITests/Pods-ToDoListPractics-ToDoListPracticsUITests-frameworks.sh\"\n";
			showEnvVarsInLog = 0;
		};
/* End PBXShellScriptBuildPhase section */

/* Begin PBXSourcesBuildPhase section */
		665DD4CC2C4FC83100695D18 /* Sources */ = {
			isa = PBXSourcesBuildPhase;
			buildActionMask = 2147483647;
			files = (
				6607D3912C4FD1730064B40C /* Extensions.swift in Sources */,
				665DD4D82C4FC83100695D18 /* ViewController.swift in Sources */,
				665DD4D42C4FC83100695D18 /* AppDelegate.swift in Sources */,
				665DD4D62C4FC83100695D18 /* SceneDelegate.swift in Sources */,
				6607D38F2C4FCEB00064B40C /* ToDoCell.swift in Sources */,
				6607D3932C4FE03B0064B40C /* CreateTodoController.swift in Sources */,
			);
			runOnlyForDeploymentPostprocessing = 0;
		};
		665DD4E22C4FC83200695D18 /* Sources */ = {
			isa = PBXSourcesBuildPhase;
			buildActionMask = 2147483647;
			files = (
				665DD4EB2C4FC83200695D18 /* ToDoListPracticsTests.swift in Sources */,
			);
			runOnlyForDeploymentPostprocessing = 0;
		};
		665DD4EC2C4FC83200695D18 /* Sources */ = {
			isa = PBXSourcesBuildPhase;
			buildActionMask = 2147483647;
			files = (
				665DD4F52C4FC83200695D18 /* ToDoListPracticsUITests.swift in Sources */,
				665DD4F72C4FC83200695D18 /* ToDoListPracticsUITestsLaunchTests.swift in Sources */,
			);
			runOnlyForDeploymentPostprocessing = 0;
		};
/* End PBXSourcesBuildPhase section */

/* Begin PBXTargetDependency section */
		665DD4E82C4FC83200695D18 /* PBXTargetDependency */ = {
			isa = PBXTargetDependency;
			target = 665DD4CF2C4FC83100695D18 /* ToDoListPractics */;
			targetProxy = 665DD4E72C4FC83200695D18 /* PBXContainerItemProxy */;
		};
		665DD4F22C4FC83200695D18 /* PBXTargetDependency */ = {
			isa = PBXTargetDependency;
			target = 665DD4CF2C4FC83100695D18 /* ToDoListPractics */;
			targetProxy = 665DD4F12C4FC83200695D18 /* PBXContainerItemProxy */;
		};
/* End PBXTargetDependency section */

/* Begin PBXVariantGroup section */
		665DD4DE2C4FC83200695D18 /* LaunchScreen.storyboard */ = {
			isa = PBXVariantGroup;
			children = (
				665DD4DF2C4FC83200695D18 /* Base */,
			);
			name = LaunchScreen.storyboard;
			sourceTree = "<group>";
		};
/* End PBXVariantGroup section */

/* Begin XCBuildConfiguration section */
		665DD4F82C4FC83200695D18 /* Debug */ = {
			isa = XCBuildConfiguration;
			buildSettings = {
				ALWAYS_SEARCH_USER_PATHS = NO;
				ASSETCATALOG_COMPILER_GENERATE_SWIFT_ASSET_SYMBOL_EXTENSIONS = YES;
				CLANG_ANALYZER_NONNULL = YES;
				CLANG_ANALYZER_NUMBER_OBJECT_CONVERSION = YES_AGGRESSIVE;
				CLANG_CXX_LANGUAGE_STANDARD = "gnu++20";
				CLANG_ENABLE_MODULES = YES;
				CLANG_ENABLE_OBJC_ARC = YES;
				CLANG_ENABLE_OBJC_WEAK = YES;
				CLANG_WARN_BLOCK_CAPTURE_AUTORELEASING = YES;
				CLANG_WARN_BOOL_CONVERSION = YES;
				CLANG_WARN_COMMA = YES;
				CLANG_WARN_CONSTANT_CONVERSION = YES;
				CLANG_WARN_DEPRECATED_OBJC_IMPLEMENTATIONS = YES;
				CLANG_WARN_DIRECT_OBJC_ISA_USAGE = YES_ERROR;
				CLANG_WARN_DOCUMENTATION_COMMENTS = YES;
				CLANG_WARN_EMPTY_BODY = YES;
				CLANG_WARN_ENUM_CONVERSION = YES;
				CLANG_WARN_INFINITE_RECURSION = YES;
				CLANG_WARN_INT_CONVERSION = YES;
				CLANG_WARN_NON_LITERAL_NULL_CONVERSION = YES;
				CLANG_WARN_OBJC_IMPLICIT_RETAIN_SELF = YES;
				CLANG_WARN_OBJC_LITERAL_CONVERSION = YES;
				CLANG_WARN_OBJC_ROOT_CLASS = YES_ERROR;
				CLANG_WARN_QUOTED_INCLUDE_IN_FRAMEWORK_HEADER = YES;
				CLANG_WARN_RANGE_LOOP_ANALYSIS = YES;
				CLANG_WARN_STRICT_PROTOTYPES = YES;
				CLANG_WARN_SUSPICIOUS_MOVE = YES;
				CLANG_WARN_UNGUARDED_AVAILABILITY = YES_AGGRESSIVE;
				CLANG_WARN_UNREACHABLE_CODE = YES;
				CLANG_WARN__DUPLICATE_METHOD_MATCH = YES;
				COPY_PHASE_STRIP = NO;
				DEBUG_INFORMATION_FORMAT = dwarf;
				ENABLE_STRICT_OBJC_MSGSEND = YES;
				ENABLE_TESTABILITY = YES;
				ENABLE_USER_SCRIPT_SANDBOXING = NO;
				GCC_C_LANGUAGE_STANDARD = gnu17;
				GCC_DYNAMIC_NO_PIC = NO;
				GCC_NO_COMMON_BLOCKS = YES;
				GCC_OPTIMIZATION_LEVEL = 0;
				GCC_PREPROCESSOR_DEFINITIONS = (
					"DEBUG=1",
					"$(inherited)",
				);
				GCC_WARN_64_TO_32_BIT_CONVERSION = YES;
				GCC_WARN_ABOUT_RETURN_TYPE = YES_ERROR;
				GCC_WARN_UNDECLARED_SELECTOR = YES;
				GCC_WARN_UNINITIALIZED_AUTOS = YES_AGGRESSIVE;
				GCC_WARN_UNUSED_FUNCTION = YES;
				GCC_WARN_UNUSED_VARIABLE = YES;
				IPHONEOS_DEPLOYMENT_TARGET = 17.5;
				LOCALIZATION_PREFERS_STRING_CATALOGS = YES;
				MTL_ENABLE_DEBUG_INFO = INCLUDE_SOURCE;
				MTL_FAST_MATH = YES;
				ONLY_ACTIVE_ARCH = YES;
				SDKROOT = iphoneos;
				SWIFT_ACTIVE_COMPILATION_CONDITIONS = "DEBUG $(inherited)";
				SWIFT_OPTIMIZATION_LEVEL = "-Onone";
			};
			name = Debug;
		};
		665DD4F92C4FC83200695D18 /* Release */ = {
			isa = XCBuildConfiguration;
			buildSettings = {
				ALWAYS_SEARCH_USER_PATHS = NO;
				ASSETCATALOG_COMPILER_GENERATE_SWIFT_ASSET_SYMBOL_EXTENSIONS = YES;
				CLANG_ANALYZER_NONNULL = YES;
				CLANG_ANALYZER_NUMBER_OBJECT_CONVERSION = YES_AGGRESSIVE;
				CLANG_CXX_LANGUAGE_STANDARD = "gnu++20";
				CLANG_ENABLE_MODULES = YES;
				CLANG_ENABLE_OBJC_ARC = YES;
				CLANG_ENABLE_OBJC_WEAK = YES;
				CLANG_WARN_BLOCK_CAPTURE_AUTORELEASING = YES;
				CLANG_WARN_BOOL_CONVERSION = YES;
				CLANG_WARN_COMMA = YES;
				CLANG_WARN_CONSTANT_CONVERSION = YES;
				CLANG_WARN_DEPRECATED_OBJC_IMPLEMENTATIONS = YES;
				CLANG_WARN_DIRECT_OBJC_ISA_USAGE = YES_ERROR;
				CLANG_WARN_DOCUMENTATION_COMMENTS = YES;
				CLANG_WARN_EMPTY_BODY = YES;
				CLANG_WARN_ENUM_CONVERSION = YES;
				CLANG_WARN_INFINITE_RECURSION = YES;
				CLANG_WARN_INT_CONVERSION = YES;
				CLANG_WARN_NON_LITERAL_NULL_CONVERSION = YES;
				CLANG_WARN_OBJC_IMPLICIT_RETAIN_SELF = YES;
				CLANG_WARN_OBJC_LITERAL_CONVERSION = YES;
				CLANG_WARN_OBJC_ROOT_CLASS = YES_ERROR;
				CLANG_WARN_QUOTED_INCLUDE_IN_FRAMEWORK_HEADER = YES;
				CLANG_WARN_RANGE_LOOP_ANALYSIS = YES;
				CLANG_WARN_STRICT_PROTOTYPES = YES;
				CLANG_WARN_SUSPICIOUS_MOVE = YES;
				CLANG_WARN_UNGUARDED_AVAILABILITY = YES_AGGRESSIVE;
				CLANG_WARN_UNREACHABLE_CODE = YES;
				CLANG_WARN__DUPLICATE_METHOD_MATCH = YES;
				COPY_PHASE_STRIP = NO;
				DEBUG_INFORMATION_FORMAT = "dwarf-with-dsym";
				ENABLE_NS_ASSERTIONS = NO;
				ENABLE_STRICT_OBJC_MSGSEND = YES;
				ENABLE_USER_SCRIPT_SANDBOXING = NO;
				GCC_C_LANGUAGE_STANDARD = gnu17;
				GCC_NO_COMMON_BLOCKS = YES;
				GCC_WARN_64_TO_32_BIT_CONVERSION = YES;
				GCC_WARN_ABOUT_RETURN_TYPE = YES_ERROR;
				GCC_WARN_UNDECLARED_SELECTOR = YES;
				GCC_WARN_UNINITIALIZED_AUTOS = YES_AGGRESSIVE;
				GCC_WARN_UNUSED_FUNCTION = YES;
				GCC_WARN_UNUSED_VARIABLE = YES;
				IPHONEOS_DEPLOYMENT_TARGET = 17.5;
				LOCALIZATION_PREFERS_STRING_CATALOGS = YES;
				MTL_ENABLE_DEBUG_INFO = NO;
				MTL_FAST_MATH = YES;
				SDKROOT = iphoneos;
				SWIFT_COMPILATION_MODE = wholemodule;
				VALIDATE_PRODUCT = YES;
			};
			name = Release;
		};
		665DD4FB2C4FC83200695D18 /* Debug */ = {
			isa = XCBuildConfiguration;
			baseConfigurationReference = A57C5FF5BB362141129536CF /* Pods-ToDoListPractics.debug.xcconfig */;
			buildSettings = {
				ASSETCATALOG_COMPILER_APPICON_NAME = AppIcon;
				ASSETCATALOG_COMPILER_GLOBAL_ACCENT_COLOR_NAME = AccentColor;
				CODE_SIGN_STYLE = Automatic;
				CURRENT_PROJECT_VERSION = 1;
				GENERATE_INFOPLIST_FILE = YES;
				INFOPLIST_FILE = ToDoListPractics/Info.plist;
				INFOPLIST_KEY_UIApplicationSupportsIndirectInputEvents = YES;
				INFOPLIST_KEY_UILaunchStoryboardName = LaunchScreen;
				INFOPLIST_KEY_UISupportedInterfaceOrientations_iPad = "UIInterfaceOrientationPortrait UIInterfaceOrientationPortraitUpsideDown UIInterfaceOrientationLandscapeLeft UIInterfaceOrientationLandscapeRight";
				INFOPLIST_KEY_UISupportedInterfaceOrientations_iPhone = "UIInterfaceOrientationPortrait UIInterfaceOrientationLandscapeLeft UIInterfaceOrientationLandscapeRight";
				LD_RUNPATH_SEARCH_PATHS = (
					"$(inherited)",
					"@executable_path/Frameworks",
				);
				MARKETING_VERSION = 1.0;
				PRODUCT_BUNDLE_IDENTIFIER = "gvladislav-52.ToDoListPractics";
				PRODUCT_NAME = "$(TARGET_NAME)";
				SUPPORTED_PLATFORMS = "iphoneos iphonesimulator";
				SUPPORTS_MACCATALYST = NO;
				SUPPORTS_MAC_DESIGNED_FOR_IPHONE_IPAD = NO;
				SUPPORTS_XR_DESIGNED_FOR_IPHONE_IPAD = NO;
				SWIFT_EMIT_LOC_STRINGS = YES;
				SWIFT_VERSION = 5.0;
				TARGETED_DEVICE_FAMILY = 1;
			};
			name = Debug;
		};
		665DD4FC2C4FC83200695D18 /* Release */ = {
			isa = XCBuildConfiguration;
			baseConfigurationReference = ED94ECB0C15BE9D465D4DC49 /* Pods-ToDoListPractics.release.xcconfig */;
			buildSettings = {
				ASSETCATALOG_COMPILER_APPICON_NAME = AppIcon;
				ASSETCATALOG_COMPILER_GLOBAL_ACCENT_COLOR_NAME = AccentColor;
				CODE_SIGN_STYLE = Automatic;
				CURRENT_PROJECT_VERSION = 1;
				GENERATE_INFOPLIST_FILE = YES;
				INFOPLIST_FILE = ToDoListPractics/Info.plist;
				INFOPLIST_KEY_UIApplicationSupportsIndirectInputEvents = YES;
				INFOPLIST_KEY_UILaunchStoryboardName = LaunchScreen;
				INFOPLIST_KEY_UISupportedInterfaceOrientations_iPad = "UIInterfaceOrientationPortrait UIInterfaceOrientationPortraitUpsideDown UIInterfaceOrientationLandscapeLeft UIInterfaceOrientationLandscapeRight";
				INFOPLIST_KEY_UISupportedInterfaceOrientations_iPhone = "UIInterfaceOrientationPortrait UIInterfaceOrientationLandscapeLeft UIInterfaceOrientationLandscapeRight";
				LD_RUNPATH_SEARCH_PATHS = (
					"$(inherited)",
					"@executable_path/Frameworks",
				);
				MARKETING_VERSION = 1.0;
				PRODUCT_BUNDLE_IDENTIFIER = "gvladislav-52.ToDoListPractics";
				PRODUCT_NAME = "$(TARGET_NAME)";
				SUPPORTED_PLATFORMS = "iphoneos iphonesimulator";
				SUPPORTS_MACCATALYST = NO;
				SUPPORTS_MAC_DESIGNED_FOR_IPHONE_IPAD = NO;
				SUPPORTS_XR_DESIGNED_FOR_IPHONE_IPAD = NO;
				SWIFT_EMIT_LOC_STRINGS = YES;
				SWIFT_VERSION = 5.0;
				TARGETED_DEVICE_FAMILY = 1;
			};
			name = Release;
		};
		665DD4FE2C4FC83200695D18 /* Debug */ = {
			isa = XCBuildConfiguration;
			baseConfigurationReference = EE637848A28970F836E4CC11 /* Pods-ToDoListPracticsTests.debug.xcconfig */;
			buildSettings = {
				ALWAYS_EMBED_SWIFT_STANDARD_LIBRARIES = YES;
				BUNDLE_LOADER = "$(TEST_HOST)";
				CODE_SIGN_STYLE = Automatic;
				CURRENT_PROJECT_VERSION = 1;
				GENERATE_INFOPLIST_FILE = YES;
				IPHONEOS_DEPLOYMENT_TARGET = 17.5;
				MARKETING_VERSION = 1.0;
				PRODUCT_BUNDLE_IDENTIFIER = "gvladislav-52.ToDoListPracticsTests";
				PRODUCT_NAME = "$(TARGET_NAME)";
				SWIFT_EMIT_LOC_STRINGS = NO;
				SWIFT_VERSION = 5.0;
				TARGETED_DEVICE_FAMILY = "1,2";
				TEST_HOST = "$(BUILT_PRODUCTS_DIR)/ToDoListPractics.app/$(BUNDLE_EXECUTABLE_FOLDER_PATH)/ToDoListPractics";
			};
			name = Debug;
		};
		665DD4FF2C4FC83200695D18 /* Release */ = {
			isa = XCBuildConfiguration;
			baseConfigurationReference = 5A548589F3410CE3815EC27A /* Pods-ToDoListPracticsTests.release.xcconfig */;
			buildSettings = {
				ALWAYS_EMBED_SWIFT_STANDARD_LIBRARIES = YES;
				BUNDLE_LOADER = "$(TEST_HOST)";
				CODE_SIGN_STYLE = Automatic;
				CURRENT_PROJECT_VERSION = 1;
				GENERATE_INFOPLIST_FILE = YES;
				IPHONEOS_DEPLOYMENT_TARGET = 17.5;
				MARKETING_VERSION = 1.0;
				PRODUCT_BUNDLE_IDENTIFIER = "gvladislav-52.ToDoListPracticsTests";
				PRODUCT_NAME = "$(TARGET_NAME)";
				SWIFT_EMIT_LOC_STRINGS = NO;
				SWIFT_VERSION = 5.0;
				TARGETED_DEVICE_FAMILY = "1,2";
				TEST_HOST = "$(BUILT_PRODUCTS_DIR)/ToDoListPractics.app/$(BUNDLE_EXECUTABLE_FOLDER_PATH)/ToDoListPractics";
			};
			name = Release;
		};
		665DD5012C4FC83200695D18 /* Debug */ = {
			isa = XCBuildConfiguration;
			baseConfigurationReference = 8403BA2C9AD088C688FC080C /* Pods-ToDoListPractics-ToDoListPracticsUITests.debug.xcconfig */;
			buildSettings = {
				ALWAYS_EMBED_SWIFT_STANDARD_LIBRARIES = YES;
				CODE_SIGN_STYLE = Automatic;
				CURRENT_PROJECT_VERSION = 1;
				GENERATE_INFOPLIST_FILE = YES;
				MARKETING_VERSION = 1.0;
				PRODUCT_BUNDLE_IDENTIFIER = "gvladislav-52.ToDoListPracticsUITests";
				PRODUCT_NAME = "$(TARGET_NAME)";
				SWIFT_EMIT_LOC_STRINGS = NO;
				SWIFT_VERSION = 5.0;
				TARGETED_DEVICE_FAMILY = "1,2";
				TEST_TARGET_NAME = ToDoListPractics;
			};
			name = Debug;
		};
		665DD5022C4FC83200695D18 /* Release */ = {
			isa = XCBuildConfiguration;
			baseConfigurationReference = 2B2CC2E66F6CD875842F16E8 /* Pods-ToDoListPractics-ToDoListPracticsUITests.release.xcconfig */;
			buildSettings = {
				ALWAYS_EMBED_SWIFT_STANDARD_LIBRARIES = YES;
				CODE_SIGN_STYLE = Automatic;
				CURRENT_PROJECT_VERSION = 1;
				GENERATE_INFOPLIST_FILE = YES;
				MARKETING_VERSION = 1.0;
				PRODUCT_BUNDLE_IDENTIFIER = "gvladislav-52.ToDoListPracticsUITests";
				PRODUCT_NAME = "$(TARGET_NAME)";
				SWIFT_EMIT_LOC_STRINGS = NO;
				SWIFT_VERSION = 5.0;
				TARGETED_DEVICE_FAMILY = "1,2";
				TEST_TARGET_NAME = ToDoListPractics;
			};
			name = Release;
		};
/* End XCBuildConfiguration section */

/* Begin XCConfigurationList section */
		665DD4CB2C4FC83100695D18 /* Build configuration list for PBXProject "ToDoListPractics" */ = {
			isa = XCConfigurationList;
			buildConfigurations = (
				665DD4F82C4FC83200695D18 /* Debug */,
				665DD4F92C4FC83200695D18 /* Release */,
			);
			defaultConfigurationIsVisible = 0;
			defaultConfigurationName = Release;
		};
		665DD4FA2C4FC83200695D18 /* Build configuration list for PBXNativeTarget "ToDoListPractics" */ = {
			isa = XCConfigurationList;
			buildConfigurations = (
				665DD4FB2C4FC83200695D18 /* Debug */,
				665DD4FC2C4FC83200695D18 /* Release */,
			);
			defaultConfigurationIsVisible = 0;
			defaultConfigurationName = Release;
		};
		665DD4FD2C4FC83200695D18 /* Build configuration list for PBXNativeTarget "ToDoListPracticsTests" */ = {
			isa = XCConfigurationList;
			buildConfigurations = (
				665DD4FE2C4FC83200695D18 /* Debug */,
				665DD4FF2C4FC83200695D18 /* Release */,
			);
			defaultConfigurationIsVisible = 0;
			defaultConfigurationName = Release;
		};
		665DD5002C4FC83200695D18 /* Build configuration list for PBXNativeTarget "ToDoListPracticsUITests" */ = {
			isa = XCConfigurationList;
			buildConfigurations = (
				665DD5012C4FC83200695D18 /* Debug */,
				665DD5022C4FC83200695D18 /* Release */,
			);
			defaultConfigurationIsVisible = 0;
			defaultConfigurationName = Release;
		};
/* End XCConfigurationList section */
	};
	rootObject = 665DD4C82C4FC83100695D18 /* Project object */;
}
